
Microsoft Visual Studio Solution File, Format Version 12.00
# Visual Studio Version 17
VisualStudioVersion = 17.7.34202.233
MinimumVisualStudioVersion = 10.0.40219.1
Project("{FAE04EC0-301F-11D3-BF4B-00C04F79EFBC}") = "TurnBaseGame", "TurnBaseGame\TurnBaseGame.csproj", "{AF1625A4-08A3-43EF-8B05-DD20FC54AB17}"
EndProject
Global
	GlobalSection(SolutionConfigurationPlatforms) = preSolution
		Debug|Any CPU = Debug|Any CPU
		Release|Any CPU = Release|Any CPU
	EndGlobalSection
	GlobalSection(ProjectConfigurationPlatforms) = postSolution
		{AF1625A4-08A3-43EF-8B05-DD20FC54AB17}.Debug|Any CPU.ActiveCfg = Debug|Any CPU
		{AF1625A4-08A3-43EF-8B05-DD20FC54AB17}.Debug|Any CPU.Build.0 = Debug|Any CPU
		{AF1625A4-08A3-43EF-8B05-DD20FC54AB17}.Release|Any CPU.ActiveCfg = Release|Any CPU
		{AF1625A4-08A3-43EF-8B05-DD20FC54AB17}.Release|Any CPU.Build.0 = Release|Any CPU
	EndGlobalSection
	GlobalSection(SolutionProperties) = preSolution
		HideSolutionNode = FALSE
	EndGlobalSection
	GlobalSection(ExtensibilityGlobals) = postSolution
		SolutionGuid = {B16C7F46-3FEB-442E-A90A-7E03CF98AF0E}
	EndGlobalSection
EndGlobal
